// !$*UTF8*$!
{
	archiveVersion = 1;
	classes = {
	};
	objectVersion = 48;
	objects = {

/* Begin PBXBuildFile section */
		5211DF661FEEDA5B001B2EFF /* AppDelegate.swift in Sources */ = {isa = PBXBuildFile; fileRef = 5211DF651FEEDA5B001B2EFF /* AppDelegate.swift */; };
		5211DF681FEEDA5B001B2EFF /* ViewController.swift in Sources */ = {isa = PBXBuildFile; fileRef = 5211DF671FEEDA5B001B2EFF /* ViewController.swift */; };
		5211DF6B1FEEDA5B001B2EFF /* Main.storyboard in Resources */ = {isa = PBXBuildFile; fileRef = 5211DF691FEEDA5B001B2EFF /* Main.storyboard */; };
		5211DF6D1FEEDA5B001B2EFF /* Assets.xcassets in Resources */ = {isa = PBXBuildFile; fileRef = 5211DF6C1FEEDA5B001B2EFF /* Assets.xcassets */; };
		5211DF701FEEDA5B001B2EFF /* LaunchScreen.storyboard in Resources */ = {isa = PBXBuildFile; fileRef = 5211DF6E1FEEDA5B001B2EFF /* LaunchScreen.storyboard */; };
		5211DF781FEEDD9E001B2EFF /* User.swift in Sources */ = {isa = PBXBuildFile; fileRef = 5211DF771FEEDD9E001B2EFF /* User.swift */; };
		5211DF7B1FEEE8BB001B2EFF /* GoogleService-Info.plist in Resources */ = {isa = PBXBuildFile; fileRef = 5211DF791FEEDFB8001B2EFF /* GoogleService-Info.plist */; };
		5211DF7F1FEEF141001B2EFF /* FriendList.swift in Sources */ = {isa = PBXBuildFile; fileRef = 5211DF7E1FEEF141001B2EFF /* FriendList.swift */; };
		5211DF811FEEF30C001B2EFF /* FriendTableViewCell.swift in Sources */ = {isa = PBXBuildFile; fileRef = 5211DF801FEEF30C001B2EFF /* FriendTableViewCell.swift */; };
		C333466675A248790AC30FCF /* Pods_DemoSaveOnlineDataRealm.framework in Frameworks */ = {isa = PBXBuildFile; fileRef = B5AA198702EDA9CFF97DC00B /* Pods_DemoSaveOnlineDataRealm.framework */; };
/* End PBXBuildFile section */

/* Begin PBXFileReference section */
		4FB2D9A1E43CA203FF8995CA /* Pods-DemoSaveOnlineDataRealm.debug.xcconfig */ = {isa = PBXFileReference; includeInIndex = 1; lastKnownFileType = text.xcconfig; name = "Pods-DemoSaveOnlineDataRealm.debug.xcconfig"; path = "Pods/Target Support Files/Pods-DemoSaveOnlineDataRealm/Pods-DemoSaveOnlineDataRealm.debug.xcconfig"; sourceTree = "<group>"; };
		5211DF621FEEDA5B001B2EFF /* DemoSaveOnlineDataRealm.app */ = {isa = PBXFileReference; explicitFileType = wrapper.application; includeInIndex = 0; path = DemoSaveOnlineDataRealm.app; sourceTree = BUILT_PRODUCTS_DIR; };
		5211DF651FEEDA5B001B2EFF /* AppDelegate.swift */ = {isa = PBXFileReference; lastKnownFileType = sourcecode.swift; path = AppDelegate.swift; sourceTree = "<group>"; };
		5211DF671FEEDA5B001B2EFF /* ViewController.swift */ = {isa = PBXFileReference; lastKnownFileType = sourcecode.swift; path = ViewController.swift; sourceTree = "<group>"; };
		5211DF6A1FEEDA5B001B2EFF /* Base */ = {isa = PBXFileReference; lastKnownFileType = file.storyboard; name = Base; path = Base.lproj/Main.storyboard; sourceTree = "<group>"; };
		5211DF6C1FEEDA5B001B2EFF /* Assets.xcassets */ = {isa = PBXFileReference; lastKnownFileType = folder.assetcatalog; path = Assets.xcassets; sourceTree = "<group>"; };
		5211DF6F1FEEDA5B001B2EFF /* Base */ = {isa = PBXFileReference; lastKnownFileType = file.storyboard; name = Base; path = Base.lproj/LaunchScreen.storyboard; sourceTree = "<group>"; };
		5211DF711FEEDA5B001B2EFF /* Info.plist */ = {isa = PBXFileReference; lastKnownFileType = text.plist.xml; path = Info.plist; sourceTree = "<group>"; };
		5211DF771FEEDD9E001B2EFF /* User.swift */ = {isa = PBXFileReference; lastKnownFileType = sourcecode.swift; path = User.swift; sourceTree = "<group>"; };
		5211DF791FEEDFB8001B2EFF /* GoogleService-Info.plist */ = {isa = PBXFileReference; fileEncoding = 4; lastKnownFileType = text.plist.xml; path = "GoogleService-Info.plist"; sourceTree = "<group>"; };
		5211DF7E1FEEF141001B2EFF /* FriendList.swift */ = {isa = PBXFileReference; lastKnownFileType = sourcecode.swift; path = FriendList.swift; sourceTree = "<group>"; };
		5211DF801FEEF30C001B2EFF /* FriendTableViewCell.swift */ = {isa = PBXFileReference; lastKnownFileType = sourcecode.swift; path = FriendTableViewCell.swift; sourceTree = "<group>"; };
		907878279FC1E0D28F3F6113 /* Pods-DemoSaveOnlineDataRealm.release.xcconfig */ = {isa = PBXFileReference; includeInIndex = 1; lastKnownFileType = text.xcconfig; name = "Pods-DemoSaveOnlineDataRealm.release.xcconfig"; path = "Pods/Target Support Files/Pods-DemoSaveOnlineDataRealm/Pods-DemoSaveOnlineDataRealm.release.xcconfig"; sourceTree = "<group>"; };
		B5AA198702EDA9CFF97DC00B /* Pods_DemoSaveOnlineDataRealm.framework */ = {isa = PBXFileReference; explicitFileType = wrapper.framework; includeInIndex = 0; path = Pods_DemoSaveOnlineDataRealm.framework; sourceTree = BUILT_PRODUCTS_DIR; };
/* End PBXFileReference section */

/* Begin PBXFrameworksBuildPhase section */
		5211DF5F1FEEDA5B001B2EFF /* Frameworks */ = {
			isa = PBXFrameworksBuildPhase;
			buildActionMask = 2147483647;
			files = (
				C333466675A248790AC30FCF /* Pods_DemoSaveOnlineDataRealm.framework in Frameworks */,
			);
			runOnlyForDeploymentPostprocessing = 0;
		};
/* End PBXFrameworksBuildPhase section */

/* Begin PBXGroup section */
		5211DF591FEEDA5B001B2EFF = {
			isa = PBXGroup;
			children = (
				5211DF641FEEDA5B001B2EFF /* DemoSaveOnlineDataRealm */,
				5211DF631FEEDA5B001B2EFF /* Products */,
				D0B7B9DD6277E1B9AEE1D6B1 /* Pods */,
				B87C7C4D6E7580CE89CB132C /* Frameworks */,
			);
			sourceTree = "<group>";
		};
		5211DF631FEEDA5B001B2EFF /* Products */ = {
			isa = PBXGroup;
			children = (
				5211DF621FEEDA5B001B2EFF /* DemoSaveOnlineDataRealm.app */,
			);
			name = Products;
			sourceTree = "<group>";
		};
		5211DF641FEEDA5B001B2EFF /* DemoSaveOnlineDataRealm */ = {
			isa = PBXGroup;
			children = (
				5211DF651FEEDA5B001B2EFF /* AppDelegate.swift */,
				5211DF671FEEDA5B001B2EFF /* ViewController.swift */,
				5211DF791FEEDFB8001B2EFF /* GoogleService-Info.plist */,
				5211DF691FEEDA5B001B2EFF /* Main.storyboard */,
				5211DF6C1FEEDA5B001B2EFF /* Assets.xcassets */,
				5211DF6E1FEEDA5B001B2EFF /* LaunchScreen.storyboard */,
				5211DF711FEEDA5B001B2EFF /* Info.plist */,
				5211DF771FEEDD9E001B2EFF /* User.swift */,
				5211DF7E1FEEF141001B2EFF /* FriendList.swift */,
				5211DF801FEEF30C001B2EFF /* FriendTableViewCell.swift */,
			);
			path = DemoSaveOnlineDataRealm;
			sourceTree = "<group>";
		};
		B87C7C4D6E7580CE89CB132C /* Frameworks */ = {
			isa = PBXGroup;
			children = (
				B5AA198702EDA9CFF97DC00B /* Pods_DemoSaveOnlineDataRealm.framework */,
			);
			name = Frameworks;
			sourceTree = "<group>";
		};
		D0B7B9DD6277E1B9AEE1D6B1 /* Pods */ = {
			isa = PBXGroup;
			children = (
				4FB2D9A1E43CA203FF8995CA /* Pods-DemoSaveOnlineDataRealm.debug.xcconfig */,
				907878279FC1E0D28F3F6113 /* Pods-DemoSaveOnlineDataRealm.release.xcconfig */,
			);
			name = Pods;
			sourceTree = "<group>";
		};
/* End PBXGroup section */

/* Begin PBXNativeTarget section */
		5211DF611FEEDA5B001B2EFF /* DemoSaveOnlineDataRealm */ = {
			isa = PBXNativeTarget;
			buildConfigurationList = 5211DF741FEEDA5B001B2EFF /* Build configuration list for PBXNativeTarget "DemoSaveOnlineDataRealm" */;
			buildPhases = (
				DC237CB5EDABBB24F456FF61 /* [CP] Check Pods Manifest.lock */,
				5211DF5E1FEEDA5B001B2EFF /* Sources */,
				5211DF5F1FEEDA5B001B2EFF /* Frameworks */,
				5211DF601FEEDA5B001B2EFF /* Resources */,
				A790E145625D097D46379290 /* [CP] Embed Pods Frameworks */,
				7167336619AFB0676E2E8D42 /* [CP] Copy Pods Resources */,
			);
			buildRules = (
			);
			dependencies = (
			);
			name = DemoSaveOnlineDataRealm;
			productName = DemoSaveOnlineDataRealm;
			productReference = 5211DF621FEEDA5B001B2EFF /* DemoSaveOnlineDataRealm.app */;
			productType = "com.apple.product-type.application";
		};
/* End PBXNativeTarget section */

/* Begin PBXProject section */
		5211DF5A1FEEDA5B001B2EFF /* Project object */ = {
			isa = PBXProject;
			attributes = {
				LastSwiftUpdateCheck = 0920;
				LastUpgradeCheck = 0920;
				ORGANIZATIONNAME = "MacBook Pro";
				TargetAttributes = {
					5211DF611FEEDA5B001B2EFF = {
						CreatedOnToolsVersion = 9.2;
						ProvisioningStyle = Automatic;
					};
				};
			};
			buildConfigurationList = 5211DF5D1FEEDA5B001B2EFF /* Build configuration list for PBXProject "DemoSaveOnlineDataRealm" */;
			compatibilityVersion = "Xcode 8.0";
			developmentRegion = en;
			hasScannedForEncodings = 0;
			knownRegions = (
				en,
				Base,
			);
			mainGroup = 5211DF591FEEDA5B001B2EFF;
			productRefGroup = 5211DF631FEEDA5B001B2EFF /* Products */;
			projectDirPath = "";
			projectRoot = "";
			targets = (
				5211DF611FEEDA5B001B2EFF /* DemoSaveOnlineDataRealm */,
			);
		};
/* End PBXProject section */

/* Begin PBXResourcesBuildPhase section */
		5211DF601FEEDA5B001B2EFF /* Resources */ = {
			isa = PBXResourcesBuildPhase;
			buildActionMask = 2147483647;
			files = (
				5211DF701FEEDA5B001B2EFF /* LaunchScreen.storyboard in Resources */,
				5211DF6D1FEEDA5B001B2EFF /* Assets.xcassets in Resources */,
				5211DF6B1FEEDA5B001B2EFF /* Main.storyboard in Resources */,
				5211DF7B1FEEE8BB001B2EFF /* GoogleService-Info.plist in Resources */,
			);
			runOnlyForDeploymentPostprocessing = 0;
		};
/* End PBXResourcesBuildPhase section */

/* Begin PBXShellScriptBuildPhase section */
		7167336619AFB0676E2E8D42 /* [CP] Copy Pods Resources */ = {
			isa = PBXShellScriptBuildPhase;
			buildActionMask = 2147483647;
			files = (
			);
			inputPaths = (
			);
			name = "[CP] Copy Pods Resources";
			outputPaths = (
			);
			runOnlyForDeploymentPostprocessing = 0;
			shellPath = /bin/sh;
			shellScript = "\"${SRCROOT}/Pods/Target Support Files/Pods-DemoSaveOnlineDataRealm/Pods-DemoSaveOnlineDataRealm-resources.sh\"\n";
			showEnvVarsInLog = 0;
		};
		A790E145625D097D46379290 /* [CP] Embed Pods Frameworks */ = {
			isa = PBXShellScriptBuildPhase;
			buildActionMask = 2147483647;
			files = (
			);
			inputPaths = (
				"${SRCROOT}/Pods/Target Support Files/Pods-DemoSaveOnlineDataRealm/Pods-DemoSaveOnlineDataRealm-frameworks.sh",
				"${BUILT_PRODUCTS_DIR}/GoogleToolboxForMac/GoogleToolboxForMac.framework",
				"${BUILT_PRODUCTS_DIR}/Realm/Realm.framework",
				"${BUILT_PRODUCTS_DIR}/RealmSwift/RealmSwift.framework",
				"${BUILT_PRODUCTS_DIR}/leveldb-library/leveldb.framework",
				"${BUILT_PRODUCTS_DIR}/nanopb/nanopb.framework",
			);
			name = "[CP] Embed Pods Frameworks";
			outputPaths = (
				"${TARGET_BUILD_DIR}/${FRAMEWORKS_FOLDER_PATH}/GoogleToolboxForMac.framework",
				"${TARGET_BUILD_DIR}/${FRAMEWORKS_FOLDER_PATH}/Realm.framework",
				"${TARGET_BUILD_DIR}/${FRAMEWORKS_FOLDER_PATH}/RealmSwift.framework",
				"${TARGET_BUILD_DIR}/${FRAMEWORKS_FOLDER_PATH}/leveldb.framework",
				"${TARGET_BUILD_DIR}/${FRAMEWORKS_FOLDER_PATH}/nanopb.framework",
			);
			runOnlyForDeploymentPostprocessing = 0;
			shellPath = /bin/sh;
			shellScript = "\"${SRCROOT}/Pods/Target Support Files/Pods-DemoSaveOnlineDataRealm/Pods-DemoSaveOnlineDataRealm-frameworks.sh\"\n";
			showEnvVarsInLog = 0;
		};
		DC237CB5EDABBB24F456FF61 /* [CP] Check Pods Manifest.lock */ = {
			isa = PBXShellScriptBuildPhase;
			buildActionMask = 2147483647;
			files = (
			);
			inputPaths = (
				"${PODS_PODFILE_DIR_PATH}/Podfile.lock",
				"${PODS_ROOT}/Manifest.lock",
			);
			name = "[CP] Check Pods Manifest.lock";
			outputPaths = (
				"$(DERIVED_FILE_DIR)/Pods-DemoSaveOnlineDataRealm-checkManifestLockResult.txt",
			);
			runOnlyForDeploymentPostprocessing = 0;
			shellPath = /bin/sh;
			shellScript = "diff \"${PODS_PODFILE_DIR_PATH}/Podfile.lock\" \"${PODS_ROOT}/Manifest.lock\" > /dev/null\nif [ $? != 0 ] ; then\n    # print error to STDERR\n    echo \"error: The sandbox is not in sync with the Podfile.lock. Run 'pod install' or update your CocoaPods installation.\" >&2\n    exit 1\nfi\n# This output is used by Xcode 'outputs' to avoid re-running this script phase.\necho \"SUCCESS\" > \"${SCRIPT_OUTPUT_FILE_0}\"\n";
			showEnvVarsInLog = 0;
		};
/* End PBXShellScriptBuildPhase section */

/* Begin PBXSourcesBuildPhase section */
		5211DF5E1FEEDA5B001B2EFF /* Sources */ = {
			isa = PBXSourcesBuildPhase;
			buildActionMask = 2147483647;
			files = (
				5211DF681FEEDA5B001B2EFF /* ViewController.swift in Sources */,
				5211DF661FEEDA5B001B2EFF /* AppDelegate.swift in Sources */,
				5211DF811FEEF30C001B2EFF /* FriendTableViewCell.swift in Sources */,
				5211DF781FEEDD9E001B2EFF /* User.swift in Sources */,
				5211DF7F1FEEF141001B2EFF /* FriendList.swift in Sources */,
			);
			runOnlyForDeploymentPostprocessing = 0;
		};
/* End PBXSourcesBuildPhase section */

/* Begin PBXVariantGroup section */
		5211DF691FEEDA5B001B2EFF /* Main.storyboard */ = {
			isa = PBXVariantGroup;
			children = (
				5211DF6A1FEEDA5B001B2EFF /* Base */,
			);
			name = Main.storyboard;
			sourceTree = "<group>";
		};
		5211DF6E1FEEDA5B001B2EFF /* LaunchScreen.storyboard */ = {
			isa = PBXVariantGroup;
			children = (
				5211DF6F1FEEDA5B001B2EFF /* Base */,
			);
			name = LaunchScreen.storyboard;
			sourceTree = "<group>";
		};
/* End PBXVariantGroup section */

/* Begin XCBuildConfiguration section */
		5211DF721FEEDA5B001B2EFF /* Debug */ = {
			isa = XCBuildConfiguration;
			buildSettings = {
				ALWAYS_SEARCH_USER_PATHS = NO;
				CLANG_ANALYZER_NONNULL = YES;
				CLANG_ANALYZER_NUMBER_OBJECT_CONVERSION = YES_AGGRESSIVE;
				CLANG_CXX_LANGUAGE_STANDARD = "gnu++14";
				CLANG_CXX_LIBRARY = "libc++";
				CLANG_ENABLE_MODULES = YES;
				CLANG_ENABLE_OBJC_ARC = YES;
				CLANG_WARN_BLOCK_CAPTURE_AUTORELEASING = YES;
				CLANG_WARN_BOOL_CONVERSION = YES;
				CLANG_WARN_COMMA = YES;
				CLANG_WARN_CONSTANT_CONVERSION = YES;
				CLANG_WARN_DIRECT_OBJC_ISA_USAGE = YES_ERROR;
				CLANG_WARN_DOCUMENTATION_COMMENTS = YES;
				CLANG_WARN_EMPTY_BODY = YES;
				CLANG_WARN_ENUM_CONVERSION = YES;
				CLANG_WARN_INFINITE_RECURSION = YES;
				CLANG_WARN_INT_CONVERSION = YES;
				CLANG_WARN_NON_LITERAL_NULL_CONVERSION = YES;
				CLANG_WARN_OBJC_LITERAL_CONVERSION = YES;
				CLANG_WARN_OBJC_ROOT_CLASS = YES_ERROR;
				CLANG_WARN_RANGE_LOOP_ANALYSIS = YES;
				CLANG_WARN_STRICT_PROTOTYPES = YES;
				CLANG_WARN_SUSPICIOUS_MOVE = YES;
				CLANG_WARN_UNGUARDED_AVAILABILITY = YES_AGGRESSIVE;
				CLANG_WARN_UNREACHABLE_CODE = YES;
				CLANG_WARN__DUPLICATE_METHOD_MATCH = YES;
				CODE_SIGN_IDENTITY = "iPhone Developer";
				COPY_PHASE_STRIP = NO;
				DEBUG_INFORMATION_FORMAT = dwarf;
				ENABLE_STRICT_OBJC_MSGSEND = YES;
				ENABLE_TESTABILITY = YES;
				GCC_C_LANGUAGE_STANDARD = gnu11;
				GCC_DYNAMIC_NO_PIC = NO;
				GCC_NO_COMMON_BLOCKS = YES;
				GCC_OPTIMIZATION_LEVEL = 0;
				GCC_PREPROCESSOR_DEFINITIONS = (
					"DEBUG=1",
					"$(inherited)",
				);
				GCC_WARN_64_TO_32_BIT_CONVERSION = YES;
				GCC_WARN_ABOUT_RETURN_TYPE = YES_ERROR;
				GCC_WARN_UNDECLARED_SELECTOR = YES;
				GCC_WARN_UNINITIALIZED_AUTOS = YES_AGGRESSIVE;
				GCC_WARN_UNUSED_FUNCTION = YES;
				GCC_WARN_UNUSED_VARIABLE = YES;
				IPHONEOS_DEPLOYMENT_TARGET = 11.2;
				MTL_ENABLE_DEBUG_INFO = YES;
				ONLY_ACTIVE_ARCH = YES;
				SDKROOT = iphoneos;
				SWIFT_ACTIVE_COMPILATION_CONDITIONS = DEBUG;
				SWIFT_OPTIMIZATION_LEVEL = "-Onone";
			};
			name = Debug;
		};
		5211DF731FEEDA5B001B2EFF /* Release */ = {
			isa = XCBuildConfiguration;
			buildSettings = {
				ALWAYS_SEARCH_USER_PATHS = NO;
				CLANG_ANALYZER_NONNULL = YES;
				CLANG_ANALYZER_NUMBER_OBJECT_CONVERSION = YES_AGGRESSIVE;
				CLANG_CXX_LANGUAGE_STANDARD = "gnu++14";
				CLANG_CXX_LIBRARY = "libc++";
				CLANG_ENABLE_MODULES = YES;
				CLANG_ENABLE_OBJC_ARC = YES;
				CLANG_WARN_BLOCK_CAPTURE_AUTORELEASING = YES;
				CLANG_WARN_BOOL_CONVERSION = YES;
				CLANG_WARN_COMMA = YES;
				CLANG_WARN_CONSTANT_CONVERSION = YES;
				CLANG_WARN_DIRECT_OBJC_ISA_USAGE = YES_ERROR;
				CLANG_WARN_DOCUMENTATION_COMMENTS = YES;
				CLANG_WARN_EMPTY_BODY = YES;
				CLANG_WARN_ENUM_CONVERSION = YES;
				CLANG_WARN_INFINITE_RECURSION = YES;
				CLANG_WARN_INT_CONVERSION = YES;
				CLANG_WARN_NON_LITERAL_NULL_CONVERSION = YES;
				CLANG_WARN_OBJC_LITERAL_CONVERSION = YES;
				CLANG_WARN_OBJC_ROOT_CLASS = YES_ERROR;
				CLANG_WARN_RANGE_LOOP_ANALYSIS = YES;
				CLANG_WARN_STRICT_PROTOTYPES = YES;
				CLANG_WARN_SUSPICIOUS_MOVE = YES;
				CLANG_WARN_UNGUARDED_AVAILABILITY = YES_AGGRESSIVE;
				CLANG_WARN_UNREACHABLE_CODE = YES;
				CLANG_WARN__DUPLICATE_METHOD_MATCH = YES;
				CODE_SIGN_IDENTITY = "iPhone Developer";
				COPY_PHASE_STRIP = NO;
				DEBUG_INFORMATION_FORMAT = "dwarf-with-dsym";
				ENABLE_NS_ASSERTIONS = NO;
				ENABLE_STRICT_OBJC_MSGSEND = YES;
				GCC_C_LANGUAGE_STANDARD = gnu11;
				GCC_NO_COMMON_BLOCKS = YES;
				GCC_WARN_64_TO_32_BIT_CONVERSION = YES;
				GCC_WARN_ABOUT_RETURN_TYPE = YES_ERROR;
				GCC_WARN_UNDECLARED_SELECTOR = YES;
				GCC_WARN_UNINITIALIZED_AUTOS = YES_AGGRESSIVE;
				GCC_WARN_UNUSED_FUNCTION = YES;
				GCC_WARN_UNUSED_VARIABLE = YES;
				IPHONEOS_DEPLOYMENT_TARGET = 11.2;
				MTL_ENABLE_DEBUG_INFO = NO;
				SDKROOT = iphoneos;
				SWIFT_OPTIMIZATION_LEVEL = "-Owholemodule";
				VALIDATE_PRODUCT = YES;
			};
			name = Release;
		};
		5211DF751FEEDA5B001B2EFF /* Debug */ = {
			isa = XCBuildConfiguration;
			baseConfigurationReference = 4FB2D9A1E43CA203FF8995CA /* Pods-DemoSaveOnlineDataRealm.debug.xcconfig */;
			buildSettings = {
				ASSETCATALOG_COMPILER_APPICON_NAME = AppIcon;
				CODE_SIGN_STYLE = Automatic;
				INFOPLIST_FILE = DemoSaveOnlineDataRealm/Info.plist;
				LD_RUNPATH_SEARCH_PATHS = "$(inherited) @executable_path/Frameworks";
				PRODUCT_BUNDLE_IDENTIFIER = com.DemoSaveOnlineDataRealm;
				PRODUCT_NAME = "$(TARGET_NAME)";
				SWIFT_VERSION = 4.0;
				TARGETED_DEVICE_FAMILY = "1,2";
			};
			name = Debug;
		};
		5211DF761FEEDA5B001B2EFF /* Release */ = {
			isa = XCBuildConfiguration;
			baseConfigurationReference = 907878279FC1E0D28F3F6113 /* Pods-DemoSaveOnlineDataRealm.release.xcconfig */;
			buildSettings = {
				ASSETCATALOG_COMPILER_APPICON_NAME = AppIcon;
				CODE_SIGN_STYLE = Automatic;
				INFOPLIST_FILE = DemoSaveOnlineDataRealm/Info.plist;
				LD_RUNPATH_SEARCH_PATHS = "$(inherited) @executable_path/Frameworks";
				PRODUCT_BUNDLE_IDENTIFIER = com.DemoSaveOnlineDataRealm;
				PRODUCT_NAME = "$(TARGET_NAME)";
				SWIFT_VERSION = 4.0;
				TARGETED_DEVICE_FAMILY = "1,2";
			};
			name = Release;
		};
/* End XCBuildConfiguration section */

/* Begin XCConfigurationList section */
		5211DF5D1FEEDA5B001B2EFF /* Build configuration list for PBXProject "DemoSaveOnlineDataRealm" */ = {
			isa = XCConfigurationList;
			buildConfigurations = (
				5211DF721FEEDA5B001B2EFF /* Debug */,
				5211DF731FEEDA5B001B2EFF /* Release */,
			);
			defaultConfigurationIsVisible = 0;
			defaultConfigurationName = Release;
		};
		5211DF741FEEDA5B001B2EFF /* Build configuration list for PBXNativeTarget "DemoSaveOnlineDataRealm" */ = {
			isa = XCConfigurationList;
			buildConfigurations = (
				5211DF751FEEDA5B001B2EFF /* Debug */,
				5211DF761FEEDA5B001B2EFF /* Release */,
			);
			defaultConfigurationIsVisible = 0;
			defaultConfigurationName = Release;
		};
/* End XCConfigurationList section */
	};
	rootObject = 5211DF5A1FEEDA5B001B2EFF /* Project object */;
}
